// !$*UTF8*$!
{
	archiveVersion = 1;
	classes = {
	};
	objectVersion = 46;
	objects = {

/* Begin PBXBuildFile section */
		185275201E350C5A0043AEA9 /* JavaScriptCore.framework in Frameworks */ = {isa = PBXBuildFile; fileRef = 1852751F1E350C5A0043AEA9 /* JavaScriptCore.framework */; };
		1852752B1E350D800043AEA9 /* CoreGraphics.framework in Frameworks */ = {isa = PBXBuildFile; fileRef = 1852752A1E350D800043AEA9 /* CoreGraphics.framework */; };
		1852752D1E350D8C0043AEA9 /* CoreText.framework in Frameworks */ = {isa = PBXBuildFile; fileRef = 1852752C1E350D8C0043AEA9 /* CoreText.framework */; };
		1852752F1E350D970043AEA9 /* CoreData.framework in Frameworks */ = {isa = PBXBuildFile; fileRef = 1852752E1E350D970043AEA9 /* CoreData.framework */; };
		185275311E350DA10043AEA9 /* AVFoundation.framework in Frameworks */ = {isa = PBXBuildFile; fileRef = 185275301E350DA10043AEA9 /* AVFoundation.framework */; };
		185275331E350DB10043AEA9 /* AudioToolbox.framework in Frameworks */ = {isa = PBXBuildFile; fileRef = 185275321E350DB10043AEA9 /* AudioToolbox.framework */; };
		185275351E350DBC0043AEA9 /* StoreKit.framework in Frameworks */ = {isa = PBXBuildFile; fileRef = 185275341E350DBC0043AEA9 /* StoreKit.framework */; };
		185275371E350DD60043AEA9 /* SystemConfiguration.framework in Frameworks */ = {isa = PBXBuildFile; fileRef = 185275361E350DD60043AEA9 /* SystemConfiguration.framework */; };
		185275391E350DE20043AEA9 /* CoreTelephony.framework in Frameworks */ = {isa = PBXBuildFile; fileRef = 185275381E350DE20043AEA9 /* CoreTelephony.framework */; };
		1852753B1E350DEC0043AEA9 /* CoreMotion.framework in Frameworks */ = {isa = PBXBuildFile; fileRef = 1852753A1E350DEC0043AEA9 /* CoreMotion.framework */; };
		1852753D1E350DF60043AEA9 /* Security.framework in Frameworks */ = {isa = PBXBuildFile; fileRef = 1852753C1E350DF60043AEA9 /* Security.framework */; };
		1852753F1E350E000043AEA9 /* libz.tbd in Frameworks */ = {isa = PBXBuildFile; fileRef = 1852753E1E350E000043AEA9 /* libz.tbd */; };
		185275411E350E070043AEA9 /* CFNetwork.framework in Frameworks */ = {isa = PBXBuildFile; fileRef = 185275401E350E070043AEA9 /* CFNetwork.framework */; };
		185275431E350E240043AEA9 /* GameController.framework in Frameworks */ = {isa = PBXBuildFile; fileRef = 185275421E350E240043AEA9 /* GameController.framework */; };
		185275451E350E2E0043AEA9 /* libiconv.tbd in Frameworks */ = {isa = PBXBuildFile; fileRef = 185275441E350E2E0043AEA9 /* libiconv.tbd */; };
		185275471E350E480043AEA9 /* MediaPlayer.framework in Frameworks */ = {isa = PBXBuildFile; fileRef = 185275461E350E480043AEA9 /* MediaPlayer.framework */; };
		185275491E350E710043AEA9 /* libsqlite3.tbd in Frameworks */ = {isa = PBXBuildFile; fileRef = 185275481E350E710043AEA9 /* libsqlite3.tbd */; };
		1852754B1E350E860043AEA9 /* OpenGLES.framework in Frameworks */ = {isa = PBXBuildFile; fileRef = 1852754A1E350E860043AEA9 /* OpenGLES.framework */; };
		1852754D1E350E8D0043AEA9 /* UIKit.framework in Frameworks */ = {isa = PBXBuildFile; fileRef = 1852754C1E350E8D0043AEA9 /* UIKit.framework */; };
		1852754F1E350EFC0043AEA9 /* libc++.tbd in Frameworks */ = {isa = PBXBuildFile; fileRef = 1852754E1E350EFC0043AEA9 /* libc++.tbd */; };
		185275531E350F300043AEA9 /* libstdc++.6.0.9.tbd in Frameworks */ = {isa = PBXBuildFile; fileRef = 185275521E350F300043AEA9 /* libstdc++.6.0.9.tbd */; };
		18B08EAF1E6AE8260062E6DD /* main.jsc in Resources */ = {isa = PBXBuildFile; fileRef = 18B08EAB1E6AE8260062E6DD /* main.jsc */; };
		18B08EB41E6AE92C0062E6DD /* project.json in Resources */ = {isa = PBXBuildFile; fileRef = 18B08EB31E6AE92C0062E6DD /* project.json */; };
		18B08EBB1E6AF4240062E6DD /* res in Resources */ = {isa = PBXBuildFile; fileRef = 18B08EB91E6AF4240062E6DD /* res */; };
		18B08EBC1E6AF4240062E6DD /* src in Resources */ = {isa = PBXBuildFile; fileRef = 18B08EBA1E6AF4240062E6DD /* src */; };
		18D0A9461E35E74A00BE12A1 /* CoreLocation.framework in Frameworks */ = {isa = PBXBuildFile; fileRef = 18D0A9451E35E74A00BE12A1 /* CoreLocation.framework */; };
		18D0A9491E35E8DD00BE12A1 /* GaodeManager.mm in Sources */ = {isa = PBXBuildFile; fileRef = 18D0A9481E35E8DD00BE12A1 /* GaodeManager.mm */; };
		18D0A94C1E35E8EA00BE12A1 /* AMapFoundationKit.framework in Frameworks */ = {isa = PBXBuildFile; fileRef = 18D0A94A1E35E8EA00BE12A1 /* AMapFoundationKit.framework */; };
		18D0A94D1E35E8EA00BE12A1 /* AMapLocationKit.framework in Frameworks */ = {isa = PBXBuildFile; fileRef = 18D0A94B1E35E8EA00BE12A1 /* AMapLocationKit.framework */; };
		1A67682A180E9C060076BC67 /* libcocos2d Mac.a in Frameworks */ = {isa = PBXBuildFile; fileRef = 1AC6FB48180E9ACB004C840B /* libcocos2d Mac.a */; };
		1A676839180E9C1E0076BC67 /* libcocos2d iOS.a in Frameworks */ = {isa = PBXBuildFile; fileRef = 1AC6FB56180E9ACB004C840B /* libcocos2d iOS.a */; };
		3B417F501DF06696006B6935 /* libWeChatSDK.a in Frameworks */ = {isa = PBXBuildFile; fileRef = 3B417F4A1DF0651C006B6935 /* libWeChatSDK.a */; };
		3B417F511DF066A0006B6935 /* libYvImSdk.a in Frameworks */ = {isa = PBXBuildFile; fileRef = 3BB8DCE71DEEFAC7000AEF46 /* libYvImSdk.a */; };
		3B417F541DF07402006B6935 /* script in Resources */ = {isa = PBXBuildFile; fileRef = BAF426FA19484B3E002B22EF /* script */; };
		3B417F561DF08008006B6935 /* Images.xcassets in Resources */ = {isa = PBXBuildFile; fileRef = 3B417F551DF08008006B6935 /* Images.xcassets */; };
		3B47A2FB1DE1F86D00180180 /* WXApiManager.m in Sources */ = {isa = PBXBuildFile; fileRef = 3B47A2FA1DE1F86D00180180 /* WXApiManager.m */; };
		3B47A30C1DE2F9D900180180 /* NativeOcClass.mm in Sources */ = {isa = PBXBuildFile; fileRef = 3B47A30B1DE2F9D900180180 /* NativeOcClass.mm */; };
		3B47A3171DE3379800180180 /* IOSPay.mm in Sources */ = {isa = PBXBuildFile; fileRef = 3B47A3161DE3379800180180 /* IOSPay.mm */; };
		3BB8DCF91DEEFC07000AEF46 /* YVRespondFactory.cpp in Sources */ = {isa = PBXBuildFile; fileRef = 3BB8DCF41DEEFC07000AEF46 /* YVRespondFactory.cpp */; };
		3BB8DCFA1DEEFC07000AEF46 /* YVTool.cpp in Sources */ = {isa = PBXBuildFile; fileRef = 3BB8DCF61DEEFC07000AEF46 /* YVTool.cpp */; };
		502380DC17EBB88200990C9B /* libcurl.dylib in Frameworks */ = {isa = PBXBuildFile; fileRef = 502380DB17EBB88200990C9B /* libcurl.dylib */; };
		5091731A17ECDF7A00D62437 /* Icon-29.png in Resources */ = {isa = PBXBuildFile; fileRef = 5091731417ECDF7A00D62437 /* Icon-29.png */; };
		5091731B17ECDF7A00D62437 /* Icon-40.png in Resources */ = {isa = PBXBuildFile; fileRef = 5091731517ECDF7A00D62437 /* Icon-40.png */; };
		5091731C17ECDF7A00D62437 /* Icon-50.png in Resources */ = {isa = PBXBuildFile; fileRef = 5091731617ECDF7A00D62437 /* Icon-50.png */; };
		5091731D17ECDF7A00D62437 /* Icon-58.png in Resources */ = {isa = PBXBuildFile; fileRef = 5091731717ECDF7A00D62437 /* Icon-58.png */; };
		5091731E17ECDF7A00D62437 /* Icon-80.png in Resources */ = {isa = PBXBuildFile; fileRef = 5091731817ECDF7A00D62437 /* Icon-80.png */; };
		5091731F17ECDF7A00D62437 /* Icon-100.png in Resources */ = {isa = PBXBuildFile; fileRef = 5091731917ECDF7A00D62437 /* Icon-100.png */; };
		509D4A8117EBB24E00697056 /* AppDelegate.cpp in Sources */ = {isa = PBXBuildFile; fileRef = D4545215156E28EF00887EB5 /* AppDelegate.cpp */; };
		509D4A8A17EBB24E00697056 /* QuartzCore.framework in Frameworks */ = {isa = PBXBuildFile; fileRef = A92275411517C094001B78AA /* QuartzCore.framework */; };
		509D4A8C17EBB24E00697056 /* OpenAL.framework in Frameworks */ = {isa = PBXBuildFile; fileRef = A92275451517C094001B78AA /* OpenAL.framework */; };
		509D4A8D17EBB24E00697056 /* AudioToolbox.framework in Frameworks */ = {isa = PBXBuildFile; fileRef = A92275471517C094001B78AA /* AudioToolbox.framework */; };
		509D4A8E17EBB24E00697056 /* AVFoundation.framework in Frameworks */ = {isa = PBXBuildFile; fileRef = A92275491517C094001B78AA /* AVFoundation.framework */; };
		509D4A9017EBB24E00697056 /* Foundation.framework in Frameworks */ = {isa = PBXBuildFile; fileRef = A922754D1517C094001B78AA /* Foundation.framework */; };
		509D4A9117EBB24E00697056 /* CoreGraphics.framework in Frameworks */ = {isa = PBXBuildFile; fileRef = A922754F1517C094001B78AA /* CoreGraphics.framework */; };
		509D4ABC17EBB2AB00697056 /* AppController.mm in Sources */ = {isa = PBXBuildFile; fileRef = 509D4AAC17EBB2AB00697056 /* AppController.mm */; };
		509D4ABD17EBB2AB00697056 /* Default-568h@2x.png in Resources */ = {isa = PBXBuildFile; fileRef = 509D4AAD17EBB2AB00697056 /* Default-568h@2x.png */; };
		509D4ABE17EBB2AB00697056 /* Default.png in Resources */ = {isa = PBXBuildFile; fileRef = 509D4AAE17EBB2AB00697056 /* Default.png */; };
		509D4ABF17EBB2AB00697056 /* Default@2x.png in Resources */ = {isa = PBXBuildFile; fileRef = 509D4AAF17EBB2AB00697056 /* Default@2x.png */; };
		509D4AC017EBB2AB00697056 /* Icon-57.png in Resources */ = {isa = PBXBuildFile; fileRef = 509D4AB017EBB2AB00697056 /* Icon-57.png */; };
		509D4AC117EBB2AB00697056 /* Icon-72.png in Resources */ = {isa = PBXBuildFile; fileRef = 509D4AB117EBB2AB00697056 /* Icon-72.png */; };
		509D4AC217EBB2AB00697056 /* Icon-76.png in Resources */ = {isa = PBXBuildFile; fileRef = 509D4AB217EBB2AB00697056 /* Icon-76.png */; };
		509D4AC317EBB2AB00697056 /* Icon-114.png in Resources */ = {isa = PBXBuildFile; fileRef = 509D4AB317EBB2AB00697056 /* Icon-114.png */; };
		509D4AC417EBB2AB00697056 /* Icon-120.png in Resources */ = {isa = PBXBuildFile; fileRef = 509D4AB417EBB2AB00697056 /* Icon-120.png */; };
		509D4AC517EBB2AB00697056 /* Icon-144.png in Resources */ = {isa = PBXBuildFile; fileRef = 509D4AB517EBB2AB00697056 /* Icon-144.png */; };
		509D4AC617EBB2AB00697056 /* Icon-152.png in Resources */ = {isa = PBXBuildFile; fileRef = 509D4AB617EBB2AB00697056 /* Icon-152.png */; };
		509D4AC817EBB2AB00697056 /* main.m in Sources */ = {isa = PBXBuildFile; fileRef = 509D4AB817EBB2AB00697056 /* main.m */; };
		509D4AC917EBB2AB00697056 /* RootViewController.mm in Sources */ = {isa = PBXBuildFile; fileRef = 509D4ABB17EBB2AB00697056 /* RootViewController.mm */; };
		509D4ACF17EBB2BE00697056 /* Icon.icns in Resources */ = {isa = PBXBuildFile; fileRef = 509D4ACB17EBB2BE00697056 /* Icon.icns */; };
		509D4AE717EBB81800697056 /* OpenGL.framework in Frameworks */ = {isa = PBXBuildFile; fileRef = 509D4AE617EBB81800697056 /* OpenGL.framework */; };
		509D4AE917EBB82000697056 /* AppKit.framework in Frameworks */ = {isa = PBXBuildFile; fileRef = 509D4AE817EBB82000697056 /* AppKit.framework */; };
		509D4AEB17EBB82600697056 /* IOKit.framework in Frameworks */ = {isa = PBXBuildFile; fileRef = 509D4AEA17EBB82600697056 /* IOKit.framework */; };
		A92275421517C094001B78AA /* QuartzCore.framework in Frameworks */ = {isa = PBXBuildFile; fileRef = A92275411517C094001B78AA /* QuartzCore.framework */; };
		A92275461517C094001B78AA /* OpenAL.framework in Frameworks */ = {isa = PBXBuildFile; fileRef = A92275451517C094001B78AA /* OpenAL.framework */; };
		A92275481517C094001B78AA /* AudioToolbox.framework in Frameworks */ = {isa = PBXBuildFile; fileRef = A92275471517C094001B78AA /* AudioToolbox.framework */; };
		A922754A1517C094001B78AA /* AVFoundation.framework in Frameworks */ = {isa = PBXBuildFile; fileRef = A92275491517C094001B78AA /* AVFoundation.framework */; };
		A922754E1517C094001B78AA /* Foundation.framework in Frameworks */ = {isa = PBXBuildFile; fileRef = A922754D1517C094001B78AA /* Foundation.framework */; };
		A92275501517C094001B78AA /* CoreGraphics.framework in Frameworks */ = {isa = PBXBuildFile; fileRef = A922754F1517C094001B78AA /* CoreGraphics.framework */; };
		BAEE4D841AC40C11003BEB0F /* Security.framework in Frameworks */ = {isa = PBXBuildFile; fileRef = BAEE4D831AC40C11003BEB0F /* Security.framework */; };
		BAF426FC19484B3E002B22EF /* script in Resources */ = {isa = PBXBuildFile; fileRef = BAF426FA19484B3E002B22EF /* script */; };
		C037820C18BF77C500FE4F13 /* libjscocos2d iOS.a in Frameworks */ = {isa = PBXBuildFile; fileRef = C037820918BF76AF00FE4F13 /* libjscocos2d iOS.a */; };
		C037820F18BF77DE00FE4F13 /* libjscocos2d Mac.a in Frameworks */ = {isa = PBXBuildFile; fileRef = C037820718BF76AF00FE4F13 /* libjscocos2d Mac.a */; };
		C06E23CC18CEFE680093C81A /* main.cpp in Sources */ = {isa = PBXBuildFile; fileRef = C06E23CB18CEFE680093C81A /* main.cpp */; };
		D4545227156E28EF00887EB5 /* AppDelegate.cpp in Sources */ = {isa = PBXBuildFile; fileRef = D4545215156E28EF00887EB5 /* AppDelegate.cpp */; };
/* End PBXBuildFile section */

/* Begin PBXContainerItemProxy section */
		1A67681F180E9BF70076BC67 /* PBXContainerItemProxy */ = {
			isa = PBXContainerItemProxy;
			containerPortal = 1AC6FB34180E9ACB004C840B /* cocos2d_libs.xcodeproj */;
			proxyType = 1;
			remoteGlobalIDString = 1551A33E158F2AB200E66CFE;
			remoteInfo = "cocos2dx Mac";
		};
		1A67682E180E9C110076BC67 /* PBXContainerItemProxy */ = {
			isa = PBXContainerItemProxy;
			containerPortal = 1AC6FB34180E9ACB004C840B /* cocos2d_libs.xcodeproj */;
			proxyType = 1;
			remoteGlobalIDString = A07A4C241783777C0073F6A7;
			remoteInfo = "cocos2dx iOS";
		};
		1AC6FB47180E9ACB004C840B /* PBXContainerItemProxy */ = {
			isa = PBXContainerItemProxy;
			containerPortal = 1AC6FB34180E9ACB004C840B /* cocos2d_libs.xcodeproj */;
			proxyType = 2;
			remoteGlobalIDString = 1551A33F158F2AB200E66CFE;
			remoteInfo = "cocos2dx Mac";
		};
		1AC6FB55180E9ACB004C840B /* PBXContainerItemProxy */ = {
			isa = PBXContainerItemProxy;
			containerPortal = 1AC6FB34180E9ACB004C840B /* cocos2d_libs.xcodeproj */;
			proxyType = 2;
			remoteGlobalIDString = A07A4D641783777C0073F6A7;
			remoteInfo = "cocos2dx iOS";
		};
		3B47A2F41DE1F82900180180 /* PBXContainerItemProxy */ = {
			isa = PBXContainerItemProxy;
			containerPortal = C037820118BF76AF00FE4F13 /* cocos2d_js_bindings.xcodeproj */;
			proxyType = 2;
			remoteGlobalIDString = 507B427D1C31DCC60067B53E;
			remoteInfo = "libjscocos2d tvOS";
		};
		3B47A2F71DE1F82900180180 /* PBXContainerItemProxy */ = {
			isa = PBXContainerItemProxy;
			containerPortal = 1AC6FB34180E9ACB004C840B /* cocos2d_libs.xcodeproj */;
			proxyType = 2;
			remoteGlobalIDString = 507B40FD1C31BDD30067B53E;
			remoteInfo = "libcocos2d tvOS";
		};
		C037820618BF76AF00FE4F13 /* PBXContainerItemProxy */ = {
			isa = PBXContainerItemProxy;
			containerPortal = C037820118BF76AF00FE4F13 /* cocos2d_js_bindings.xcodeproj */;
			proxyType = 2;
			remoteGlobalIDString = 1A5410A418B785A10016A3AF;
			remoteInfo = "jsbindings Mac";
		};
		C037820818BF76AF00FE4F13 /* PBXContainerItemProxy */ = {
			isa = PBXContainerItemProxy;
			containerPortal = C037820118BF76AF00FE4F13 /* cocos2d_js_bindings.xcodeproj */;
			proxyType = 2;
			remoteGlobalIDString = 1A5410A518B785A10016A3AF;
			remoteInfo = "jsbindings iOS";
		};
		C037820A18BF77BC00FE4F13 /* PBXContainerItemProxy */ = {
			isa = PBXContainerItemProxy;
			containerPortal = C037820118BF76AF00FE4F13 /* cocos2d_js_bindings.xcodeproj */;
			proxyType = 1;
			remoteGlobalIDString = A07A4FB5178387750073F6A7;
			remoteInfo = "jsbindings iOS";
		};
		C037820D18BF77D100FE4F13 /* PBXContainerItemProxy */ = {
			isa = PBXContainerItemProxy;
			containerPortal = C037820118BF76AF00FE4F13 /* cocos2d_js_bindings.xcodeproj */;
			proxyType = 1;
			remoteGlobalIDString = A03F31E81781479B006731B9;
			remoteInfo = "jsbindings Mac";
		};
/* End PBXContainerItemProxy section */

/* Begin PBXFileReference section */
		1852751F1E350C5A0043AEA9 /* JavaScriptCore.framework */ = {isa = PBXFileReference; lastKnownFileType = wrapper.framework; name = JavaScriptCore.framework; path = Platforms/iPhoneOS.platform/Developer/SDKs/iPhoneOS9.2.sdk/System/Library/Frameworks/JavaScriptCore.framework; sourceTree = DEVELOPER_DIR; };
		1852752A1E350D800043AEA9 /* CoreGraphics.framework */ = {isa = PBXFileReference; lastKnownFileType = wrapper.framework; name = CoreGraphics.framework; path = Platforms/iPhoneOS.platform/Developer/SDKs/iPhoneOS9.2.sdk/System/Library/Frameworks/CoreGraphics.framework; sourceTree = DEVELOPER_DIR; };
		1852752C1E350D8C0043AEA9 /* CoreText.framework */ = {isa = PBXFileReference; lastKnownFileType = wrapper.framework; name = CoreText.framework; path = Platforms/iPhoneOS.platform/Developer/SDKs/iPhoneOS9.2.sdk/System/Library/Frameworks/CoreText.framework; sourceTree = DEVELOPER_DIR; };
		1852752E1E350D970043AEA9 /* CoreData.framework */ = {isa = PBXFileReference; lastKnownFileType = wrapper.framework; name = CoreData.framework; path = Platforms/iPhoneOS.platform/Developer/SDKs/iPhoneOS9.2.sdk/System/Library/Frameworks/CoreData.framework; sourceTree = DEVELOPER_DIR; };
		185275301E350DA10043AEA9 /* AVFoundation.framework */ = {isa = PBXFileReference; lastKnownFileType = wrapper.framework; name = AVFoundation.framework; path = Platforms/iPhoneOS.platform/Developer/SDKs/iPhoneOS9.2.sdk/System/Library/Frameworks/AVFoundation.framework; sourceTree = DEVELOPER_DIR; };
		185275321E350DB10043AEA9 /* AudioToolbox.framework */ = {isa = PBXFileReference; lastKnownFileType = wrapper.framework; name = AudioToolbox.framework; path = Platforms/iPhoneOS.platform/Developer/SDKs/iPhoneOS9.2.sdk/System/Library/Frameworks/AudioToolbox.framework; sourceTree = DEVELOPER_DIR; };
		185275341E350DBC0043AEA9 /* StoreKit.framework */ = {isa = PBXFileReference; lastKnownFileType = wrapper.framework; name = StoreKit.framework; path = Platforms/iPhoneOS.platform/Developer/SDKs/iPhoneOS9.2.sdk/System/Library/Frameworks/StoreKit.framework; sourceTree = DEVELOPER_DIR; };
		185275361E350DD60043AEA9 /* SystemConfiguration.framework */ = {isa = PBXFileReference; lastKnownFileType = wrapper.framework; name = SystemConfiguration.framework; path = Platforms/iPhoneOS.platform/Developer/SDKs/iPhoneOS9.2.sdk/System/Library/Frameworks/SystemConfiguration.framework; sourceTree = DEVELOPER_DIR; };
		185275381E350DE20043AEA9 /* CoreTelephony.framework */ = {isa = PBXFileReference; lastKnownFileType = wrapper.framework; name = CoreTelephony.framework; path = Platforms/iPhoneOS.platform/Developer/SDKs/iPhoneOS9.2.sdk/System/Library/Frameworks/CoreTelephony.framework; sourceTree = DEVELOPER_DIR; };
		1852753A1E350DEC0043AEA9 /* CoreMotion.framework */ = {isa = PBXFileReference; lastKnownFileType = wrapper.framework; name = CoreMotion.framework; path = Platforms/iPhoneOS.platform/Developer/SDKs/iPhoneOS9.2.sdk/System/Library/Frameworks/CoreMotion.framework; sourceTree = DEVELOPER_DIR; };
		1852753C1E350DF60043AEA9 /* Security.framework */ = {isa = PBXFileReference; lastKnownFileType = wrapper.framework; name = Security.framework; path = Platforms/iPhoneOS.platform/Developer/SDKs/iPhoneOS9.2.sdk/System/Library/Frameworks/Security.framework; sourceTree = DEVELOPER_DIR; };
		1852753E1E350E000043AEA9 /* libz.tbd */ = {isa = PBXFileReference; lastKnownFileType = "sourcecode.text-based-dylib-definition"; name = libz.tbd; path = Platforms/iPhoneOS.platform/Developer/SDKs/iPhoneOS9.2.sdk/usr/lib/libz.tbd; sourceTree = DEVELOPER_DIR; };
		185275401E350E070043AEA9 /* CFNetwork.framework */ = {isa = PBXFileReference; lastKnownFileType = wrapper.framework; name = CFNetwork.framework; path = Platforms/iPhoneOS.platform/Developer/SDKs/iPhoneOS9.2.sdk/System/Library/Frameworks/CFNetwork.framework; sourceTree = DEVELOPER_DIR; };
		185275421E350E240043AEA9 /* GameController.framework */ = {isa = PBXFileReference; lastKnownFileType = wrapper.framework; name = GameController.framework; path = Platforms/iPhoneOS.platform/Developer/SDKs/iPhoneOS9.2.sdk/System/Library/Frameworks/GameController.framework; sourceTree = DEVELOPER_DIR; };
		185275441E350E2E0043AEA9 /* libiconv.tbd */ = {isa = PBXFileReference; lastKnownFileType = "sourcecode.text-based-dylib-definition"; name = libiconv.tbd; path = Platforms/iPhoneOS.platform/Developer/SDKs/iPhoneOS9.2.sdk/usr/lib/libiconv.tbd; sourceTree = DEVELOPER_DIR; };
		185275461E350E480043AEA9 /* MediaPlayer.framework */ = {isa = PBXFileReference; lastKnownFileType = wrapper.framework; name = MediaPlayer.framework; path = Platforms/iPhoneOS.platform/Developer/SDKs/iPhoneOS9.2.sdk/System/Library/Frameworks/MediaPlayer.framework; sourceTree = DEVELOPER_DIR; };
		185275481E350E710043AEA9 /* libsqlite3.tbd */ = {isa = PBXFileReference; lastKnownFileType = "sourcecode.text-based-dylib-definition"; name = libsqlite3.tbd; path = Platforms/iPhoneOS.platform/Developer/SDKs/iPhoneOS9.2.sdk/usr/lib/libsqlite3.tbd; sourceTree = DEVELOPER_DIR; };
		1852754A1E350E860043AEA9 /* OpenGLES.framework */ = {isa = PBXFileReference; lastKnownFileType = wrapper.framework; name = OpenGLES.framework; path = Platforms/iPhoneOS.platform/Developer/SDKs/iPhoneOS9.2.sdk/System/Library/Frameworks/OpenGLES.framework; sourceTree = DEVELOPER_DIR; };
		1852754C1E350E8D0043AEA9 /* UIKit.framework */ = {isa = PBXFileReference; lastKnownFileType = wrapper.framework; name = UIKit.framework; path = Platforms/iPhoneOS.platform/Developer/SDKs/iPhoneOS9.2.sdk/System/Library/Frameworks/UIKit.framework; sourceTree = DEVELOPER_DIR; };
		1852754E1E350EFC0043AEA9 /* libc++.tbd */ = {isa = PBXFileReference; lastKnownFileType = "sourcecode.text-based-dylib-definition"; name = "libc++.tbd"; path = "Platforms/iPhoneOS.platform/Developer/SDKs/iPhoneOS9.2.sdk/usr/lib/libc++.tbd"; sourceTree = DEVELOPER_DIR; };
		185275521E350F300043AEA9 /* libstdc++.6.0.9.tbd */ = {isa = PBXFileReference; lastKnownFileType = "sourcecode.text-based-dylib-definition"; name = "libstdc++.6.0.9.tbd"; path = "Platforms/iPhoneOS.platform/Developer/SDKs/iPhoneOS9.2.sdk/usr/lib/libstdc++.6.0.9.tbd"; sourceTree = DEVELOPER_DIR; };
		18B08EAB1E6AE8260062E6DD /* main.jsc */ = {isa = PBXFileReference; lastKnownFileType = file; name = main.jsc; path = ../Res/main.jsc; sourceTree = "<group>"; };
		18B08EB31E6AE92C0062E6DD /* project.json */ = {isa = PBXFileReference; fileEncoding = 4; lastKnownFileType = text.json; name = project.json; path = ../Res/project.json; sourceTree = "<group>"; };
		18B08EB91E6AF4240062E6DD /* res */ = {isa = PBXFileReference; lastKnownFileType = folder; name = res; path = ../Res/res; sourceTree = "<group>"; };
		18B08EBA1E6AF4240062E6DD /* src */ = {isa = PBXFileReference; lastKnownFileType = folder; name = src; path = ../Res/src; sourceTree = "<group>"; };
		18D0A9451E35E74A00BE12A1 /* CoreLocation.framework */ = {isa = PBXFileReference; lastKnownFileType = wrapper.framework; name = CoreLocation.framework; path = Platforms/iPhoneOS.platform/Developer/SDKs/iPhoneOS9.2.sdk/System/Library/Frameworks/CoreLocation.framework; sourceTree = DEVELOPER_DIR; };
		18D0A9471E35E8DD00BE12A1 /* GaodeManager.h */ = {isa = PBXFileReference; fileEncoding = 4; lastKnownFileType = sourcecode.c.h; name = GaodeManager.h; path = ios/GaodeManager.h; sourceTree = "<group>"; };
		18D0A9481E35E8DD00BE12A1 /* GaodeManager.mm */ = {isa = PBXFileReference; fileEncoding = 4; lastKnownFileType = sourcecode.cpp.objcpp; name = GaodeManager.mm; path = ios/GaodeManager.mm; sourceTree = "<group>"; };
		18D0A94A1E35E8EA00BE12A1 /* AMapFoundationKit.framework */ = {isa = PBXFileReference; lastKnownFileType = wrapper.framework; name = AMapFoundationKit.framework; path = ios/AMapFoundationKit.framework; sourceTree = "<group>"; };
		18D0A94B1E35E8EA00BE12A1 /* AMapLocationKit.framework */ = {isa = PBXFileReference; lastKnownFileType = wrapper.framework; name = AMapLocationKit.framework; path = ios/AMapLocationKit.framework; sourceTree = "<group>"; };
		1A96A4F2174A3432008653A9 /* libcurl.a */ = {isa = PBXFileReference; lastKnownFileType = archive.ar; name = libcurl.a; path = "../../cocos2d-x/cocos2dx/platform/third_party/ios/libraries/libcurl.a"; sourceTree = "<group>"; };
		1AC6FB34180E9ACB004C840B /* cocos2d_libs.xcodeproj */ = {isa = PBXFileReference; lastKnownFileType = "wrapper.pb-project"; name = cocos2d_libs.xcodeproj; path = "../../cocos2d-x/build/cocos2d_libs.xcodeproj"; sourceTree = "<group>"; };
		3B417F441DF064AA006B6935 /* libYvImSdk.a */ = {isa = PBXFileReference; lastKnownFileType = archive.ar; name = libYvImSdk.a; path = YvImSdk/libYvImSdk.a; sourceTree = "<group>"; };
		3B417F4A1DF0651C006B6935 /* libWeChatSDK.a */ = {isa = PBXFileReference; lastKnownFileType = archive.ar; name = libWeChatSDK.a; path = WeSdk/libWeChatSDK.a; sourceTree = SOURCE_ROOT; };
		3B417F4B1DF0651C006B6935 /* WechatAuthSDK.h */ = {isa = PBXFileReference; fileEncoding = 4; lastKnownFileType = sourcecode.c.h; name = WechatAuthSDK.h; path = WeSdk/WechatAuthSDK.h; sourceTree = SOURCE_ROOT; };
		3B417F4C1DF0651C006B6935 /* WXApi.h */ = {isa = PBXFileReference; fileEncoding = 4; lastKnownFileType = sourcecode.c.h; name = WXApi.h; path = WeSdk/WXApi.h; sourceTree = SOURCE_ROOT; };
		3B417F4D1DF0651C006B6935 /* WXApiObject.h */ = {isa = PBXFileReference; fileEncoding = 4; lastKnownFileType = sourcecode.c.h; name = WXApiObject.h; path = WeSdk/WXApiObject.h; sourceTree = SOURCE_ROOT; };
		3B417F551DF08008006B6935 /* Images.xcassets */ = {isa = PBXFileReference; lastKnownFileType = folder.assetcatalog; name = Images.xcassets; path = "爱尚牛牛/Images.xcassets"; sourceTree = "<group>"; };
		3B47A2F91DE1F86D00180180 /* WXApiManager.h */ = {isa = PBXFileReference; fileEncoding = 4; lastKnownFileType = sourcecode.c.h; name = WXApiManager.h; path = ios/WXApiManager.h; sourceTree = "<group>"; };
		3B47A2FA1DE1F86D00180180 /* WXApiManager.m */ = {isa = PBXFileReference; fileEncoding = 4; lastKnownFileType = sourcecode.c.objc; name = WXApiManager.m; path = ios/WXApiManager.m; sourceTree = "<group>"; };
		3B47A2FC1DE1F8CC00180180 /* libWeChatSDK.a */ = {isa = PBXFileReference; lastKnownFileType = archive.ar; name = libWeChatSDK.a; path = WeSdk/libWeChatSDK.a; sourceTree = "<group>"; };
		3B47A30A1DE2F9B400180180 /* NativeOcClass.h */ = {isa = PBXFileReference; fileEncoding = 4; lastKnownFileType = sourcecode.c.h; name = NativeOcClass.h; path = ios/NativeOcClass.h; sourceTree = "<group>"; };
		3B47A30B1DE2F9D900180180 /* NativeOcClass.mm */ = {isa = PBXFileReference; fileEncoding = 4; lastKnownFileType = sourcecode.cpp.objcpp; name = NativeOcClass.mm; path = ios/NativeOcClass.mm; sourceTree = "<group>"; };
		3B47A3151DE3379800180180 /* IOSPay.h */ = {isa = PBXFileReference; fileEncoding = 4; lastKnownFileType = sourcecode.c.h; path = IOSPay.h; sourceTree = "<group>"; };
		3B47A3161DE3379800180180 /* IOSPay.mm */ = {isa = PBXFileReference; fileEncoding = 4; lastKnownFileType = sourcecode.cpp.objcpp; path = IOSPay.mm; sourceTree = "<group>"; };
		3BB8DCE71DEEFAC7000AEF46 /* libYvImSdk.a */ = {isa = PBXFileReference; lastKnownFileType = archive.ar; name = libYvImSdk.a; path = ../Classes/YvImSdk/libYvImSdk.a; sourceTree = "<group>"; };
		3BB8DCED1DEEFC07000AEF46 /* CYVSyncQueue.h */ = {isa = PBXFileReference; fileEncoding = 4; lastKnownFileType = sourcecode.c.h; name = CYVSyncQueue.h; path = YvImSdk/CYVSyncQueue.h; sourceTree = "<group>"; };
		3BB8DCEE1DEEFC07000AEF46 /* IMSDK.h */ = {isa = PBXFileReference; fileEncoding = 4; lastKnownFileType = sourcecode.c.h; name = IMSDK.h; path = YvImSdk/IMSDK.h; sourceTree = "<group>"; };
		3BB8DCEF1DEEFC07000AEF46 /* YvErrorCode.h */ = {isa = PBXFileReference; fileEncoding = 4; lastKnownFileType = sourcecode.c.h; name = YvErrorCode.h; path = YvImSdk/YvErrorCode.h; sourceTree = "<group>"; };
		3BB8DCF01DEEFC07000AEF46 /* YVIMCmdDef.h */ = {isa = PBXFileReference; fileEncoding = 4; lastKnownFileType = sourcecode.c.h; name = YVIMCmdDef.h; path = YvImSdk/YVIMCmdDef.h; sourceTree = "<group>"; };
		3BB8DCF11DEEFC07000AEF46 /* yvListern.h */ = {isa = PBXFileReference; fileEncoding = 4; lastKnownFileType = sourcecode.c.h; name = yvListern.h; path = YvImSdk/yvListern.h; sourceTree = "<group>"; };
		3BB8DCF21DEEFC07000AEF46 /* yvpacket_overloaded.h */ = {isa = PBXFileReference; fileEncoding = 4; lastKnownFileType = sourcecode.c.h; name = yvpacket_overloaded.h; path = YvImSdk/yvpacket_overloaded.h; sourceTree = "<group>"; };
		3BB8DCF31DEEFC07000AEF46 /* yvpacket_sdk.h */ = {isa = PBXFileReference; fileEncoding = 4; lastKnownFileType = sourcecode.c.h; name = yvpacket_sdk.h; path = YvImSdk/yvpacket_sdk.h; sourceTree = "<group>"; };
		3BB8DCF41DEEFC07000AEF46 /* YVRespondFactory.cpp */ = {isa = PBXFileReference; fileEncoding = 4; lastKnownFileType = sourcecode.cpp.cpp; name = YVRespondFactory.cpp; path = YvImSdk/YVRespondFactory.cpp; sourceTree = "<group>"; };
		3BB8DCF51DEEFC07000AEF46 /* YVRespondFactory.h */ = {isa = PBXFileReference; fileEncoding = 4; lastKnownFileType = sourcecode.c.h; name = YVRespondFactory.h; path = YvImSdk/YVRespondFactory.h; sourceTree = "<group>"; };
		3BB8DCF61DEEFC07000AEF46 /* YVTool.cpp */ = {isa = PBXFileReference; fileEncoding = 4; lastKnownFileType = sourcecode.cpp.cpp; name = YVTool.cpp; path = YvImSdk/YVTool.cpp; sourceTree = "<group>"; };
		3BB8DCF71DEEFC07000AEF46 /* YVTool.h */ = {isa = PBXFileReference; fileEncoding = 4; lastKnownFileType = sourcecode.c.h; name = YVTool.h; path = YvImSdk/YVTool.h; sourceTree = "<group>"; };
		3BB8DCF81DEEFC07000AEF46 /* YVTypeDef.h */ = {isa = PBXFileReference; fileEncoding = 4; lastKnownFileType = sourcecode.c.h; name = YVTypeDef.h; path = YvImSdk/YVTypeDef.h; sourceTree = "<group>"; };
		502380DB17EBB88200990C9B /* libcurl.dylib */ = {isa = PBXFileReference; lastKnownFileType = "compiled.mach-o.dylib"; name = libcurl.dylib; path = usr/lib/libcurl.dylib; sourceTree = SDKROOT; };
		5091731417ECDF7A00D62437 /* Icon-29.png */ = {isa = PBXFileReference; lastKnownFileType = image.png; name = "Icon-29.png"; path = "ios/Icon-29.png"; sourceTree = "<group>"; };
		5091731517ECDF7A00D62437 /* Icon-40.png */ = {isa = PBXFileReference; lastKnownFileType = image.png; name = "Icon-40.png"; path = "ios/Icon-40.png"; sourceTree = "<group>"; };
		5091731617ECDF7A00D62437 /* Icon-50.png */ = {isa = PBXFileReference; lastKnownFileType = image.png; name = "Icon-50.png"; path = "ios/Icon-50.png"; sourceTree = "<group>"; };
		5091731717ECDF7A00D62437 /* Icon-58.png */ = {isa = PBXFileReference; lastKnownFileType = image.png; name = "Icon-58.png"; path = "ios/Icon-58.png"; sourceTree = "<group>"; };
		5091731817ECDF7A00D62437 /* Icon-80.png */ = {isa = PBXFileReference; lastKnownFileType = image.png; name = "Icon-80.png"; path = "ios/Icon-80.png"; sourceTree = "<group>"; };
		5091731917ECDF7A00D62437 /* Icon-100.png */ = {isa = PBXFileReference; lastKnownFileType = image.png; name = "Icon-100.png"; path = "ios/Icon-100.png"; sourceTree = "<group>"; };
		509D4AAA17EBB24E00697056 /* niuniu-desktop.app */ = {isa = PBXFileReference; explicitFileType = wrapper.application; includeInIndex = 0; path = "niuniu-desktop.app"; sourceTree = BUILT_PRODUCTS_DIR; };
		509D4AAB17EBB2AB00697056 /* AppController.h */ = {isa = PBXFileReference; fileEncoding = 4; lastKnownFileType = sourcecode.c.h; name = AppController.h; path = ios/AppController.h; sourceTree = "<group>"; };
		509D4AAC17EBB2AB00697056 /* AppController.mm */ = {isa = PBXFileReference; fileEncoding = 4; lastKnownFileType = sourcecode.cpp.objcpp; name = AppController.mm; path = ios/AppController.mm; sourceTree = "<group>"; };
		509D4AAD17EBB2AB00697056 /* Default-568h@2x.png */ = {isa = PBXFileReference; lastKnownFileType = image.png; name = "Default-568h@2x.png"; path = "ios/Default-568h@2x.png"; sourceTree = "<group>"; };
		509D4AAE17EBB2AB00697056 /* Default.png */ = {isa = PBXFileReference; lastKnownFileType = image.png; name = Default.png; path = ios/Default.png; sourceTree = "<group>"; };
		509D4AAF17EBB2AB00697056 /* Default@2x.png */ = {isa = PBXFileReference; lastKnownFileType = image.png; name = "Default@2x.png"; path = "ios/Default@2x.png"; sourceTree = "<group>"; };
		509D4AB017EBB2AB00697056 /* Icon-57.png */ = {isa = PBXFileReference; lastKnownFileType = image.png; name = "Icon-57.png"; path = "ios/Icon-57.png"; sourceTree = "<group>"; };
		509D4AB117EBB2AB00697056 /* Icon-72.png */ = {isa = PBXFileReference; lastKnownFileType = image.png; name = "Icon-72.png"; path = "ios/Icon-72.png"; sourceTree = "<group>"; };
		509D4AB217EBB2AB00697056 /* Icon-76.png */ = {isa = PBXFileReference; lastKnownFileType = image.png; name = "Icon-76.png"; path = "ios/Icon-76.png"; sourceTree = "<group>"; };
		509D4AB317EBB2AB00697056 /* Icon-114.png */ = {isa = PBXFileReference; lastKnownFileType = image.png; name = "Icon-114.png"; path = "ios/Icon-114.png"; sourceTree = "<group>"; };
		509D4AB417EBB2AB00697056 /* Icon-120.png */ = {isa = PBXFileReference; lastKnownFileType = image.png; name = "Icon-120.png"; path = "ios/Icon-120.png"; sourceTree = "<group>"; };
		509D4AB517EBB2AB00697056 /* Icon-144.png */ = {isa = PBXFileReference; lastKnownFileType = image.png; name = "Icon-144.png"; path = "ios/Icon-144.png"; sourceTree = "<group>"; };
		509D4AB617EBB2AB00697056 /* Icon-152.png */ = {isa = PBXFileReference; lastKnownFileType = image.png; name = "Icon-152.png"; path = "ios/Icon-152.png"; sourceTree = "<group>"; };
		509D4AB717EBB2AB00697056 /* Info.plist */ = {isa = PBXFileReference; fileEncoding = 4; lastKnownFileType = text.plist.xml; name = Info.plist; path = ios/Info.plist; sourceTree = "<group>"; };
		509D4AB817EBB2AB00697056 /* main.m */ = {isa = PBXFileReference; fileEncoding = 4; lastKnownFileType = sourcecode.c.objc; name = main.m; path = ios/main.m; sourceTree = "<group>"; };
		509D4AB917EBB2AB00697056 /* Prefix.pch */ = {isa = PBXFileReference; fileEncoding = 4; lastKnownFileType = sourcecode.c.h; name = Prefix.pch; path = ios/Prefix.pch; sourceTree = "<group>"; };
		509D4ABA17EBB2AB00697056 /* RootViewController.h */ = {isa = PBXFileReference; fileEncoding = 4; lastKnownFileType = sourcecode.c.h; name = RootViewController.h; path = ios/RootViewController.h; sourceTree = "<group>"; };
		509D4ABB17EBB2AB00697056 /* RootViewController.mm */ = {isa = PBXFileReference; fileEncoding = 4; lastKnownFileType = sourcecode.cpp.objcpp; name = RootViewController.mm; path = ios/RootViewController.mm; sourceTree = "<group>"; };
		509D4ACB17EBB2BE00697056 /* Icon.icns */ = {isa = PBXFileReference; lastKnownFileType = image.icns; path = Icon.icns; sourceTree = "<group>"; };
		509D4ACC17EBB2BE00697056 /* Info.plist */ = {isa = PBXFileReference; fileEncoding = 4; lastKnownFileType = text.plist.xml; path = Info.plist; sourceTree = "<group>"; };
		509D4ACE17EBB2BE00697056 /* Prefix.pch */ = {isa = PBXFileReference; fileEncoding = 4; lastKnownFileType = sourcecode.c.h; path = Prefix.pch; sourceTree = "<group>"; };
		509D4AE617EBB81800697056 /* OpenGL.framework */ = {isa = PBXFileReference; lastKnownFileType = wrapper.framework; name = OpenGL.framework; path = System/Library/Frameworks/OpenGL.framework; sourceTree = SDKROOT; };
		509D4AE817EBB82000697056 /* AppKit.framework */ = {isa = PBXFileReference; lastKnownFileType = wrapper.framework; name = AppKit.framework; path = System/Library/Frameworks/AppKit.framework; sourceTree = SDKROOT; };
		509D4AEA17EBB82600697056 /* IOKit.framework */ = {isa = PBXFileReference; lastKnownFileType = wrapper.framework; name = IOKit.framework; path = System/Library/Frameworks/IOKit.framework; sourceTree = SDKROOT; };
		A922753D1517C094001B78AA /* 悠悠扑克.app */ = {isa = PBXFileReference; explicitFileType = wrapper.application; includeInIndex = 0; path = "悠悠扑克.app"; sourceTree = BUILT_PRODUCTS_DIR; };
		A92275411517C094001B78AA /* QuartzCore.framework */ = {isa = PBXFileReference; lastKnownFileType = wrapper.framework; name = QuartzCore.framework; path = System/Library/Frameworks/QuartzCore.framework; sourceTree = SDKROOT; };
		A92275451517C094001B78AA /* OpenAL.framework */ = {isa = PBXFileReference; lastKnownFileType = wrapper.framework; name = OpenAL.framework; path = System/Library/Frameworks/OpenAL.framework; sourceTree = SDKROOT; };
		A92275471517C094001B78AA /* AudioToolbox.framework */ = {isa = PBXFileReference; lastKnownFileType = wrapper.framework; name = AudioToolbox.framework; path = System/Library/Frameworks/AudioToolbox.framework; sourceTree = SDKROOT; };
		A92275491517C094001B78AA /* AVFoundation.framework */ = {isa = PBXFileReference; lastKnownFileType = wrapper.framework; name = AVFoundation.framework; path = System/Library/Frameworks/AVFoundation.framework; sourceTree = SDKROOT; };
		A922754D1517C094001B78AA /* Foundation.framework */ = {isa = PBXFileReference; lastKnownFileType = wrapper.framework; name = Foundation.framework; path = System/Library/Frameworks/Foundation.framework; sourceTree = SDKROOT; };
		A922754F1517C094001B78AA /* CoreGraphics.framework */ = {isa = PBXFileReference; lastKnownFileType = wrapper.framework; name = CoreGraphics.framework; path = System/Library/Frameworks/CoreGraphics.framework; sourceTree = SDKROOT; };
		BAEE4D831AC40C11003BEB0F /* Security.framework */ = {isa = PBXFileReference; lastKnownFileType = wrapper.framework; name = Security.framework; path = System/Library/Frameworks/Security.framework; sourceTree = SDKROOT; };
		BAF426FA19484B3E002B22EF /* script */ = {isa = PBXFileReference; lastKnownFileType = folder; name = script; path = "../../cocos2d-x/cocos/scripting/js-bindings/script"; sourceTree = "<group>"; };
		C037820118BF76AF00FE4F13 /* cocos2d_js_bindings.xcodeproj */ = {isa = PBXFileReference; lastKnownFileType = "wrapper.pb-project"; name = cocos2d_js_bindings.xcodeproj; path = "../../cocos2d-x/cocos/scripting/js-bindings/proj.ios_mac/cocos2d_js_bindings.xcodeproj"; sourceTree = "<group>"; };
		C06E23CB18CEFE680093C81A /* main.cpp */ = {isa = PBXFileReference; fileEncoding = 4; lastKnownFileType = sourcecode.cpp.cpp; path = main.cpp; sourceTree = "<group>"; };
		D4545215156E28EF00887EB5 /* AppDelegate.cpp */ = {isa = PBXFileReference; fileEncoding = 4; lastKnownFileType = sourcecode.cpp.cpp; path = AppDelegate.cpp; sourceTree = "<group>"; };
		D4545216156E28EF00887EB5 /* AppDelegate.h */ = {isa = PBXFileReference; fileEncoding = 4; lastKnownFileType = sourcecode.c.h; path = AppDelegate.h; sourceTree = "<group>"; };
/* End PBXFileReference section */

/* Begin PBXFrameworksBuildPhase section */
		509D4A8217EBB24E00697056 /* Frameworks */ = {
			isa = PBXFrameworksBuildPhase;
			buildActionMask = 2147483647;
			files = (
				BAEE4D841AC40C11003BEB0F /* Security.framework in Frameworks */,
				C037820F18BF77DE00FE4F13 /* libjscocos2d Mac.a in Frameworks */,
				1A67682A180E9C060076BC67 /* libcocos2d Mac.a in Frameworks */,
				502380DC17EBB88200990C9B /* libcurl.dylib in Frameworks */,
				509D4AEB17EBB82600697056 /* IOKit.framework in Frameworks */,
				509D4AE917EBB82000697056 /* AppKit.framework in Frameworks */,
				509D4AE717EBB81800697056 /* OpenGL.framework in Frameworks */,
				509D4A8A17EBB24E00697056 /* QuartzCore.framework in Frameworks */,
				509D4A8C17EBB24E00697056 /* OpenAL.framework in Frameworks */,
				509D4A8D17EBB24E00697056 /* AudioToolbox.framework in Frameworks */,
				509D4A8E17EBB24E00697056 /* AVFoundation.framework in Frameworks */,
				509D4A9017EBB24E00697056 /* Foundation.framework in Frameworks */,
				509D4A9117EBB24E00697056 /* CoreGraphics.framework in Frameworks */,
			);
			runOnlyForDeploymentPostprocessing = 0;
		};
		A922753A1517C094001B78AA /* Frameworks */ = {
			isa = PBXFrameworksBuildPhase;
			buildActionMask = 2147483647;
			files = (
				18D0A9461E35E74A00BE12A1 /* CoreLocation.framework in Frameworks */,
				185275531E350F300043AEA9 /* libstdc++.6.0.9.tbd in Frameworks */,
				1852754F1E350EFC0043AEA9 /* libc++.tbd in Frameworks */,
				1852754D1E350E8D0043AEA9 /* UIKit.framework in Frameworks */,
				1852754B1E350E860043AEA9 /* OpenGLES.framework in Frameworks */,
				1852753F1E350E000043AEA9 /* libz.tbd in Frameworks */,
				185275491E350E710043AEA9 /* libsqlite3.tbd in Frameworks */,
				1852753B1E350DEC0043AEA9 /* CoreMotion.framework in Frameworks */,
				185275471E350E480043AEA9 /* MediaPlayer.framework in Frameworks */,
				185275451E350E2E0043AEA9 /* libiconv.tbd in Frameworks */,
				185275431E350E240043AEA9 /* GameController.framework in Frameworks */,
				185275411E350E070043AEA9 /* CFNetwork.framework in Frameworks */,
				1852753D1E350DF60043AEA9 /* Security.framework in Frameworks */,
				185275391E350DE20043AEA9 /* CoreTelephony.framework in Frameworks */,
				185275371E350DD60043AEA9 /* SystemConfiguration.framework in Frameworks */,
				185275351E350DBC0043AEA9 /* StoreKit.framework in Frameworks */,
				185275331E350DB10043AEA9 /* AudioToolbox.framework in Frameworks */,
				185275311E350DA10043AEA9 /* AVFoundation.framework in Frameworks */,
				1852752F1E350D970043AEA9 /* CoreData.framework in Frameworks */,
				18D0A94D1E35E8EA00BE12A1 /* AMapLocationKit.framework in Frameworks */,
				1852752D1E350D8C0043AEA9 /* CoreText.framework in Frameworks */,
				1852752B1E350D800043AEA9 /* CoreGraphics.framework in Frameworks */,
				185275201E350C5A0043AEA9 /* JavaScriptCore.framework in Frameworks */,
				18D0A94C1E35E8EA00BE12A1 /* AMapFoundationKit.framework in Frameworks */,
				3B417F501DF06696006B6935 /* libWeChatSDK.a in Frameworks */,
				C037820C18BF77C500FE4F13 /* libjscocos2d iOS.a in Frameworks */,
				1A676839180E9C1E0076BC67 /* libcocos2d iOS.a in Frameworks */,
				3B417F511DF066A0006B6935 /* libYvImSdk.a in Frameworks */,
				A92275421517C094001B78AA /* QuartzCore.framework in Frameworks */,
				A92275461517C094001B78AA /* OpenAL.framework in Frameworks */,
				A92275481517C094001B78AA /* AudioToolbox.framework in Frameworks */,
				A922754A1517C094001B78AA /* AVFoundation.framework in Frameworks */,
				A922754E1517C094001B78AA /* Foundation.framework in Frameworks */,
				A92275501517C094001B78AA /* CoreGraphics.framework in Frameworks */,
			);
			runOnlyForDeploymentPostprocessing = 0;
		};
/* End PBXFrameworksBuildPhase section */

/* Begin PBXGroup section */
		15628F5B15F0F5C2000CF24B /* Resources */ = {
			isa = PBXGroup;
			children = (
				18B08EB91E6AF4240062E6DD /* res */,
				18B08EBA1E6AF4240062E6DD /* src */,
				18B08EB31E6AE92C0062E6DD /* project.json */,
				18B08EAB1E6AE8260062E6DD /* main.jsc */,
				3B417F551DF08008006B6935 /* Images.xcassets */,
			);
			name = Resources;
			sourceTree = "<group>";
		};
		1AC6FB35180E9ACB004C840B /* Products */ = {
			isa = PBXGroup;
			children = (
				1AC6FB48180E9ACB004C840B /* libcocos2d Mac.a */,
				1AC6FB56180E9ACB004C840B /* libcocos2d iOS.a */,
				3B47A2F81DE1F82900180180 /* libcocos2d tvOS.a */,
			);
			name = Products;
			sourceTree = "<group>";
		};
		5091732E17ECDF8A00D62437 /* Icons */ = {
			isa = PBXGroup;
			children = (
				5091731417ECDF7A00D62437 /* Icon-29.png */,
				5091731517ECDF7A00D62437 /* Icon-40.png */,
				5091731617ECDF7A00D62437 /* Icon-50.png */,
				5091731717ECDF7A00D62437 /* Icon-58.png */,
				5091731817ECDF7A00D62437 /* Icon-80.png */,
				5091731917ECDF7A00D62437 /* Icon-100.png */,
				509D4AB017EBB2AB00697056 /* Icon-57.png */,
				509D4AB117EBB2AB00697056 /* Icon-72.png */,
				509D4AB217EBB2AB00697056 /* Icon-76.png */,
				509D4AB317EBB2AB00697056 /* Icon-114.png */,
				509D4AB417EBB2AB00697056 /* Icon-120.png */,
				509D4AB517EBB2AB00697056 /* Icon-144.png */,
				509D4AB617EBB2AB00697056 /* Icon-152.png */,
			);
			name = Icons;
			sourceTree = "<group>";
		};
		509D4ACA17EBB2BE00697056 /* mac */ = {
			isa = PBXGroup;
			children = (
				C06E23CB18CEFE680093C81A /* main.cpp */,
				509D4ACB17EBB2BE00697056 /* Icon.icns */,
				509D4ACC17EBB2BE00697056 /* Info.plist */,
				509D4ACE17EBB2BE00697056 /* Prefix.pch */,
			);
			path = mac;
			sourceTree = "<group>";
		};
		A92275321517C094001B78AA = {
			isa = PBXGroup;
			children = (
				C037820118BF76AF00FE4F13 /* cocos2d_js_bindings.xcodeproj */,
				1AC6FB34180E9ACB004C840B /* cocos2d_libs.xcodeproj */,
				BAF426FA19484B3E002B22EF /* script */,
				D4545214156E28EF00887EB5 /* Classes */,
				A92275401517C094001B78AA /* Frameworks */,
				D45446CC156DE73F00887EB5 /* ios */,
				509D4ACA17EBB2BE00697056 /* mac */,
				A922753E1517C094001B78AA /* Products */,
				15628F5B15F0F5C2000CF24B /* Resources */,
			);
			sourceTree = "<group>";
		};
		A922753E1517C094001B78AA /* Products */ = {
			isa = PBXGroup;
			children = (
				A922753D1517C094001B78AA /* 悠悠扑克.app */,
				509D4AAA17EBB24E00697056 /* niuniu-desktop.app */,
			);
			name = Products;
			sourceTree = "<group>";
		};
		A92275401517C094001B78AA /* Frameworks */ = {
			isa = PBXGroup;
			children = (
				18D0A94A1E35E8EA00BE12A1 /* AMapFoundationKit.framework */,
				18D0A94B1E35E8EA00BE12A1 /* AMapLocationKit.framework */,
				18D0A9451E35E74A00BE12A1 /* CoreLocation.framework */,
				185275521E350F300043AEA9 /* libstdc++.6.0.9.tbd */,
				1852754E1E350EFC0043AEA9 /* libc++.tbd */,
				1852754C1E350E8D0043AEA9 /* UIKit.framework */,
				1852754A1E350E860043AEA9 /* OpenGLES.framework */,
				185275481E350E710043AEA9 /* libsqlite3.tbd */,
				185275461E350E480043AEA9 /* MediaPlayer.framework */,
				185275441E350E2E0043AEA9 /* libiconv.tbd */,
				185275421E350E240043AEA9 /* GameController.framework */,
				185275401E350E070043AEA9 /* CFNetwork.framework */,
				1852753E1E350E000043AEA9 /* libz.tbd */,
				1852753C1E350DF60043AEA9 /* Security.framework */,
				1852753A1E350DEC0043AEA9 /* CoreMotion.framework */,
				185275381E350DE20043AEA9 /* CoreTelephony.framework */,
				185275361E350DD60043AEA9 /* SystemConfiguration.framework */,
				185275341E350DBC0043AEA9 /* StoreKit.framework */,
				185275321E350DB10043AEA9 /* AudioToolbox.framework */,
				185275301E350DA10043AEA9 /* AVFoundation.framework */,
				1852752E1E350D970043AEA9 /* CoreData.framework */,
				1852752C1E350D8C0043AEA9 /* CoreText.framework */,
				1852752A1E350D800043AEA9 /* CoreGraphics.framework */,
				1852751F1E350C5A0043AEA9 /* JavaScriptCore.framework */,
				3BB8DCE71DEEFAC7000AEF46 /* libYvImSdk.a */,
				3B47A2FC1DE1F8CC00180180 /* libWeChatSDK.a */,
				BAEE4D831AC40C11003BEB0F /* Security.framework */,
				502380DB17EBB88200990C9B /* libcurl.dylib */,
				509D4AEA17EBB82600697056 /* IOKit.framework */,
				509D4AE817EBB82000697056 /* AppKit.framework */,
				509D4AE617EBB81800697056 /* OpenGL.framework */,
				1A96A4F2174A3432008653A9 /* libcurl.a */,
				A92275411517C094001B78AA /* QuartzCore.framework */,
				A92275451517C094001B78AA /* OpenAL.framework */,
				A92275471517C094001B78AA /* AudioToolbox.framework */,
				A92275491517C094001B78AA /* AVFoundation.framework */,
				A922754D1517C094001B78AA /* Foundation.framework */,
				A922754F1517C094001B78AA /* CoreGraphics.framework */,
			);
			name = Frameworks;
			sourceTree = "<group>";
		};
		C037820218BF76AF00FE4F13 /* Products */ = {
			isa = PBXGroup;
			children = (
				C037820718BF76AF00FE4F13 /* libjscocos2d Mac.a */,
				C037820918BF76AF00FE4F13 /* libjscocos2d iOS.a */,
				3B47A2F51DE1F82900180180 /* libjscocos2d tvOS.a */,
			);
			name = Products;
			sourceTree = "<group>";
		};
		D45446CC156DE73F00887EB5 /* ios */ = {
			isa = PBXGroup;
			children = (
				18D0A9471E35E8DD00BE12A1 /* GaodeManager.h */,
				18D0A9481E35E8DD00BE12A1 /* GaodeManager.mm */,
				509D4AAB17EBB2AB00697056 /* AppController.h */,
				509D4AAC17EBB2AB00697056 /* AppController.mm */,
				509D4AAD17EBB2AB00697056 /* Default-568h@2x.png */,
				509D4AAE17EBB2AB00697056 /* Default.png */,
				509D4AAF17EBB2AB00697056 /* Default@2x.png */,
				5091732E17ECDF8A00D62437 /* Icons */,
				509D4AB717EBB2AB00697056 /* Info.plist */,
				509D4AB817EBB2AB00697056 /* main.m */,
				509D4AB917EBB2AB00697056 /* Prefix.pch */,
				3B47A2F91DE1F86D00180180 /* WXApiManager.h */,
				3B47A3151DE3379800180180 /* IOSPay.h */,
				3B47A3161DE3379800180180 /* IOSPay.mm */,
				3B47A2FA1DE1F86D00180180 /* WXApiManager.m */,
				509D4ABA17EBB2AB00697056 /* RootViewController.h */,
				509D4ABB17EBB2AB00697056 /* RootViewController.mm */,
				3B47A30A1DE2F9B400180180 /* NativeOcClass.h */,
				3B47A30B1DE2F9D900180180 /* NativeOcClass.mm */,
			);
			name = ios;
			sourceTree = "<group>";
		};
		D4545214156E28EF00887EB5 /* Classes */ = {
			isa = PBXGroup;
			children = (
				3BB8DCED1DEEFC07000AEF46 /* CYVSyncQueue.h */,
				3BB8DCEE1DEEFC07000AEF46 /* IMSDK.h */,
				3B417F4A1DF0651C006B6935 /* libWeChatSDK.a */,
				3B417F4B1DF0651C006B6935 /* WechatAuthSDK.h */,
				3B417F4C1DF0651C006B6935 /* WXApi.h */,
				3B417F4D1DF0651C006B6935 /* WXApiObject.h */,
				3BB8DCEF1DEEFC07000AEF46 /* YvErrorCode.h */,
				3BB8DCF01DEEFC07000AEF46 /* YVIMCmdDef.h */,
				3BB8DCF11DEEFC07000AEF46 /* yvListern.h */,
				3B417F441DF064AA006B6935 /* libYvImSdk.a */,
				3BB8DCF21DEEFC07000AEF46 /* yvpacket_overloaded.h */,
				3BB8DCF31DEEFC07000AEF46 /* yvpacket_sdk.h */,
				3BB8DCF41DEEFC07000AEF46 /* YVRespondFactory.cpp */,
				3BB8DCF51DEEFC07000AEF46 /* YVRespondFactory.h */,
				3BB8DCF61DEEFC07000AEF46 /* YVTool.cpp */,
				3BB8DCF71DEEFC07000AEF46 /* YVTool.h */,
				3BB8DCF81DEEFC07000AEF46 /* YVTypeDef.h */,
				D4545215156E28EF00887EB5 /* AppDelegate.cpp */,
				D4545216156E28EF00887EB5 /* AppDelegate.h */,
			);
			name = Classes;
			path = ../Classes;
			sourceTree = "<group>";
		};
/* End PBXGroup section */

/* Begin PBXNativeTarget section */
		509D4A7517EBB24E00697056 /* niuniu-desktop */ = {
			isa = PBXNativeTarget;
			buildConfigurationList = 509D4AA717EBB24E00697056 /* Build configuration list for PBXNativeTarget "niuniu-desktop" */;
			buildPhases = (
				509D4A8017EBB24E00697056 /* Sources */,
				509D4A9317EBB24E00697056 /* Resources */,
				509D4A8217EBB24E00697056 /* Frameworks */,
			);
			buildRules = (
			);
			dependencies = (
				C037820E18BF77D100FE4F13 /* PBXTargetDependency */,
				1A676820180E9BF70076BC67 /* PBXTargetDependency */,
			);
			name = "niuniu-desktop";
			productName = majiang;
			productReference = 509D4AAA17EBB24E00697056 /* niuniu-desktop.app */;
			productType = "com.apple.product-type.application";
		};
		A922753C1517C094001B78AA /* 悠悠扑克 */ = {
			isa = PBXNativeTarget;
			buildConfigurationList = A92277001517C097001B78AA /* Build configuration list for PBXNativeTarget "悠悠扑克" */;
			buildPhases = (
				A92275391517C094001B78AA /* Sources */,
				A922753A1517C094001B78AA /* Frameworks */,
				A922753B1517C094001B78AA /* Resources */,
			);
			buildRules = (
			);
			dependencies = (
				C037820B18BF77BC00FE4F13 /* PBXTargetDependency */,
				1A67682F180E9C110076BC67 /* PBXTargetDependency */,
			);
			name = "悠悠扑克";
			productName = majiang;
			productReference = A922753D1517C094001B78AA /* 悠悠扑克.app */;
			productType = "com.apple.product-type.application";
		};
/* End PBXNativeTarget section */

/* Begin PBXProject section */
		A92275341517C094001B78AA /* Project object */ = {
			isa = PBXProject;
			attributes = {
				LastUpgradeCheck = 0500;
				TargetAttributes = {
					A922753C1517C094001B78AA = {
						DevelopmentTeam = Q3QV8XLXPU;
						ProvisioningStyle = Manual;
					};
				};
			};
			buildConfigurationList = A92275371517C094001B78AA /* Build configuration list for PBXProject "majiang" */;
			compatibilityVersion = "Xcode 3.2";
			developmentRegion = English;
			hasScannedForEncodings = 0;
			knownRegions = (
				en,
			);
			mainGroup = A92275321517C094001B78AA;
			productRefGroup = A922753E1517C094001B78AA /* Products */;
			projectDirPath = "";
			projectReferences = (
				{
					ProductGroup = C037820218BF76AF00FE4F13 /* Products */;
					ProjectRef = C037820118BF76AF00FE4F13 /* cocos2d_js_bindings.xcodeproj */;
				},
				{
					ProductGroup = 1AC6FB35180E9ACB004C840B /* Products */;
					ProjectRef = 1AC6FB34180E9ACB004C840B /* cocos2d_libs.xcodeproj */;
				},
			);
			projectRoot = "";
			targets = (
				A922753C1517C094001B78AA /* 悠悠扑克 */,
				509D4A7517EBB24E00697056 /* niuniu-desktop */,
			);
		};
/* End PBXProject section */

/* Begin PBXReferenceProxy section */
		1AC6FB48180E9ACB004C840B /* libcocos2d Mac.a */ = {
			isa = PBXReferenceProxy;
			fileType = archive.ar;
			path = "libcocos2d Mac.a";
			remoteRef = 1AC6FB47180E9ACB004C840B /* PBXContainerItemProxy */;
			sourceTree = BUILT_PRODUCTS_DIR;
		};
		1AC6FB56180E9ACB004C840B /* libcocos2d iOS.a */ = {
			isa = PBXReferenceProxy;
			fileType = archive.ar;
			path = "libcocos2d iOS.a";
			remoteRef = 1AC6FB55180E9ACB004C840B /* PBXContainerItemProxy */;
			sourceTree = BUILT_PRODUCTS_DIR;
		};
		3B47A2F51DE1F82900180180 /* libjscocos2d tvOS.a */ = {
			isa = PBXReferenceProxy;
			fileType = archive.ar;
			path = "libjscocos2d tvOS.a";
			remoteRef = 3B47A2F41DE1F82900180180 /* PBXContainerItemProxy */;
			sourceTree = BUILT_PRODUCTS_DIR;
		};
		3B47A2F81DE1F82900180180 /* libcocos2d tvOS.a */ = {
			isa = PBXReferenceProxy;
			fileType = archive.ar;
			path = "libcocos2d tvOS.a";
			remoteRef = 3B47A2F71DE1F82900180180 /* PBXContainerItemProxy */;
			sourceTree = BUILT_PRODUCTS_DIR;
		};
		C037820718BF76AF00FE4F13 /* libjscocos2d Mac.a */ = {
			isa = PBXReferenceProxy;
			fileType = archive.ar;
			path = "libjscocos2d Mac.a";
			remoteRef = C037820618BF76AF00FE4F13 /* PBXContainerItemProxy */;
			sourceTree = BUILT_PRODUCTS_DIR;
		};
		C037820918BF76AF00FE4F13 /* libjscocos2d iOS.a */ = {
			isa = PBXReferenceProxy;
			fileType = archive.ar;
			path = "libjscocos2d iOS.a";
			remoteRef = C037820818BF76AF00FE4F13 /* PBXContainerItemProxy */;
			sourceTree = BUILT_PRODUCTS_DIR;
		};
/* End PBXReferenceProxy section */

/* Begin PBXResourcesBuildPhase section */
		509D4A9317EBB24E00697056 /* Resources */ = {
			isa = PBXResourcesBuildPhase;
			buildActionMask = 2147483647;
			files = (
				BAF426FC19484B3E002B22EF /* script in Resources */,
				509D4ACF17EBB2BE00697056 /* Icon.icns in Resources */,
			);
			runOnlyForDeploymentPostprocessing = 0;
		};
		A922753B1517C094001B78AA /* Resources */ = {
			isa = PBXResourcesBuildPhase;
			buildActionMask = 2147483647;
			files = (
				3B417F541DF07402006B6935 /* script in Resources */,
				18B08EAF1E6AE8260062E6DD /* main.jsc in Resources */,
				509D4ABE17EBB2AB00697056 /* Default.png in Resources */,
				5091731E17ECDF7A00D62437 /* Icon-80.png in Resources */,
				5091731F17ECDF7A00D62437 /* Icon-100.png in Resources */,
				18B08EB41E6AE92C0062E6DD /* project.json in Resources */,
				509D4AC117EBB2AB00697056 /* Icon-72.png in Resources */,
				18B08EBC1E6AF4240062E6DD /* src in Resources */,
				509D4AC017EBB2AB00697056 /* Icon-57.png in Resources */,
				5091731A17ECDF7A00D62437 /* Icon-29.png in Resources */,
				509D4AC617EBB2AB00697056 /* Icon-152.png in Resources */,
				509D4AC517EBB2AB00697056 /* Icon-144.png in Resources */,
				509D4AC317EBB2AB00697056 /* Icon-114.png in Resources */,
				509D4ABD17EBB2AB00697056 /* Default-568h@2x.png in Resources */,
				3B417F561DF08008006B6935 /* Images.xcassets in Resources */,
				509D4ABF17EBB2AB00697056 /* Default@2x.png in Resources */,
				509D4AC217EBB2AB00697056 /* Icon-76.png in Resources */,
				5091731B17ECDF7A00D62437 /* Icon-40.png in Resources */,
				5091731C17ECDF7A00D62437 /* Icon-50.png in Resources */,
				18B08EBB1E6AF4240062E6DD /* res in Resources */,
				509D4AC417EBB2AB00697056 /* Icon-120.png in Resources */,
				5091731D17ECDF7A00D62437 /* Icon-58.png in Resources */,
			);
			runOnlyForDeploymentPostprocessing = 0;
		};
/* End PBXResourcesBuildPhase section */

/* Begin PBXSourcesBuildPhase section */
		509D4A8017EBB24E00697056 /* Sources */ = {
			isa = PBXSourcesBuildPhase;
			buildActionMask = 2147483647;
			files = (
				509D4A8117EBB24E00697056 /* AppDelegate.cpp in Sources */,
				C06E23CC18CEFE680093C81A /* main.cpp in Sources */,
			);
			runOnlyForDeploymentPostprocessing = 0;
		};
		A92275391517C094001B78AA /* Sources */ = {
			isa = PBXSourcesBuildPhase;
			buildActionMask = 2147483647;
			files = (
				3B47A3171DE3379800180180 /* IOSPay.mm in Sources */,
				509D4AC917EBB2AB00697056 /* RootViewController.mm in Sources */,
				18D0A9491E35E8DD00BE12A1 /* GaodeManager.mm in Sources */,
				3B47A30C1DE2F9D900180180 /* NativeOcClass.mm in Sources */,
				D4545227156E28EF00887EB5 /* AppDelegate.cpp in Sources */,
				509D4AC817EBB2AB00697056 /* main.m in Sources */,
				3B47A2FB1DE1F86D00180180 /* WXApiManager.m in Sources */,
				509D4ABC17EBB2AB00697056 /* AppController.mm in Sources */,
				3BB8DCF91DEEFC07000AEF46 /* YVRespondFactory.cpp in Sources */,
				3BB8DCFA1DEEFC07000AEF46 /* YVTool.cpp in Sources */,
			);
			runOnlyForDeploymentPostprocessing = 0;
		};
/* End PBXSourcesBuildPhase section */

/* Begin PBXTargetDependency section */
		1A676820180E9BF70076BC67 /* PBXTargetDependency */ = {
			isa = PBXTargetDependency;
			name = "cocos2dx Mac";
			targetProxy = 1A67681F180E9BF70076BC67 /* PBXContainerItemProxy */;
		};
		1A67682F180E9C110076BC67 /* PBXTargetDependency */ = {
			isa = PBXTargetDependency;
			name = "cocos2dx iOS";
			targetProxy = 1A67682E180E9C110076BC67 /* PBXContainerItemProxy */;
		};
		C037820B18BF77BC00FE4F13 /* PBXTargetDependency */ = {
			isa = PBXTargetDependency;
			name = "jsbindings iOS";
			targetProxy = C037820A18BF77BC00FE4F13 /* PBXContainerItemProxy */;
		};
		C037820E18BF77D100FE4F13 /* PBXTargetDependency */ = {
			isa = PBXTargetDependency;
			name = "jsbindings Mac";
			targetProxy = C037820D18BF77D100FE4F13 /* PBXContainerItemProxy */;
		};
/* End PBXTargetDependency section */

/* Begin XCBuildConfiguration section */
		509D4AA817EBB24E00697056 /* Debug */ = {
			isa = XCBuildConfiguration;
			buildSettings = {
				ALWAYS_SEARCH_USER_PATHS = YES;
				ARCHS = "$(ARCHS_STANDARD_64_BIT)";
				COMBINE_HIDPI_IMAGES = YES;
				DEAD_CODE_STRIPPING = YES;
				GCC_DYNAMIC_NO_PIC = NO;
				GCC_PRECOMPILE_PREFIX_HEADER = YES;
				GCC_PREFIX_HEADER = mac/Prefix.pch;
				GCC_PREPROCESSOR_DEFINITIONS = "$(inherited)";
				GCC_SYMBOLS_PRIVATE_EXTERN = YES;
				HEADER_SEARCH_PATHS = "";
				INFOPLIST_FILE = mac/Info.plist;
				LIBRARY_SEARCH_PATHS = "";
				OTHER_LDFLAGS = "";
				SDKROOT = macosx;
				USER_HEADER_SEARCH_PATHS = "$(inherited) $(SRCROOT)/../../cocos2d-x/external/glfw3/include/mac $(SRCROOT)/../../cocos2d-x/external/spidermonkey/include/mac";
			};
			name = Debug;
		};
		509D4AA917EBB24E00697056 /* Release */ = {
			isa = XCBuildConfiguration;
			buildSettings = {
				ALWAYS_SEARCH_USER_PATHS = YES;
				ARCHS = "$(ARCHS_STANDARD_64_BIT)";
				COMBINE_HIDPI_IMAGES = YES;
				DEAD_CODE_STRIPPING = YES;
				GCC_GENERATE_DEBUGGING_SYMBOLS = NO;
				GCC_PRECOMPILE_PREFIX_HEADER = YES;
				GCC_PREFIX_HEADER = mac/Prefix.pch;
				GCC_PREPROCESSOR_DEFINITIONS = "$(inherited)";
				GCC_SYMBOLS_PRIVATE_EXTERN = YES;
				HEADER_SEARCH_PATHS = "";
				INFOPLIST_FILE = mac/Info.plist;
				LIBRARY_SEARCH_PATHS = "";
				OTHER_LDFLAGS = "";
				SDKROOT = macosx;
				USER_HEADER_SEARCH_PATHS = "$(inherited) $(SRCROOT)/../../cocos2d-x/external/glfw3/include/mac $(SRCROOT)/../../cocos2d-x/external/spidermonkey/include/mac";
			};
			name = Release;
		};
		A92276FE1517C097001B78AA /* Debug */ = {
			isa = XCBuildConfiguration;
			buildSettings = {
				CLANG_CXX_LANGUAGE_STANDARD = "c++0x";
				CLANG_CXX_LIBRARY = "libc++";
				CODE_SIGN_IDENTITY = "iPhone Distribution: Lu Yan (Q3QV8XLXPU)";
				COPY_PHASE_STRIP = NO;
				GCC_C_LANGUAGE_STANDARD = c99;
				GCC_OPTIMIZATION_LEVEL = 0;
				GCC_PREPROCESSOR_DEFINITIONS = (
					"COCOS2D_DEBUG=1",
					USE_FILE32API,
					COCOS2D_JAVASCRIPT,
					CC_ENABLE_CHIPMUNK_INTEGRATION,
				);
				GCC_SYMBOLS_PRIVATE_EXTERN = NO;
				GCC_WARN_ABOUT_RETURN_TYPE = YES;
				GCC_WARN_UNUSED_VARIABLE = YES;
				HEADER_SEARCH_PATHS = "";
				IPHONEOS_DEPLOYMENT_TARGET = 6.0;
				MACOSX_DEPLOYMENT_TARGET = 10.8;
				ONLY_ACTIVE_ARCH = YES;
				PRODUCT_NAME = "$(TARGET_NAME)";
				USER_HEADER_SEARCH_PATHS = "$(SRCROOT)/../../cocos2d-x $(SRCROOT)/../../cocos2d-x/cocos/audio/include $(SRCROOT)/../../cocos2d-x/cocos $(SRCROOT)/../../cocos2d-x/extensions $(SRCROOT)/../../cocos2d-x/external $(SRCROOT)/../../cocos2d-x/external/chipmunk/include/chipmunk $(SRCROOT)/../../cocos2d-x/cocos/editor-support";
			};
			name = Debug;
		};
		A92276FF1517C097001B78AA /* Release */ = {
			isa = XCBuildConfiguration;
			buildSettings = {
				CLANG_CXX_LANGUAGE_STANDARD = "c++0x";
				CLANG_CXX_LIBRARY = "libc++";
				CODE_SIGN_IDENTITY = "iPhone Distribution: Lu Yan (Q3QV8XLXPU)";
				GCC_C_LANGUAGE_STANDARD = c99;
				GCC_PREPROCESSOR_DEFINITIONS = (
					NDEBUG,
					USE_FILE32API,
					COCOS2D_JAVASCRIPT,
					CC_ENABLE_CHIPMUNK_INTEGRATION,
				);
				GCC_WARN_ABOUT_RETURN_TYPE = YES;
				GCC_WARN_UNUSED_VARIABLE = YES;
				HEADER_SEARCH_PATHS = "";
				IPHONEOS_DEPLOYMENT_TARGET = 6.0;
				MACOSX_DEPLOYMENT_TARGET = 10.8;
				OTHER_CFLAGS = "-DNS_BLOCK_ASSERTIONS=1";
				PRODUCT_NAME = "$(TARGET_NAME)";
				USER_HEADER_SEARCH_PATHS = "$(SRCROOT)/../../cocos2d-x $(SRCROOT)/../../cocos2d-x/cocos/audio/include $(SRCROOT)/../../cocos2d-x/cocos $(SRCROOT)/../../cocos2d-x/extensions $(SRCROOT)/../../cocos2d-x/external $(SRCROOT)/../../cocos2d-x/external/chipmunk/include/chipmunk $(SRCROOT)/../../cocos2d-x/cocos/editor-support";
				VALIDATE_PRODUCT = YES;
			};
			name = Release;
		};
		A92277011517C097001B78AA /* Debug */ = {
			isa = XCBuildConfiguration;
			buildSettings = {
				ALWAYS_SEARCH_USER_PATHS = YES;
				ASSETCATALOG_COMPILER_APPICON_NAME = AppIcon;
				CODE_SIGN_IDENTITY = "iPhone Distribution: Lu Yan (Q3QV8XLXPU)";
				"CODE_SIGN_IDENTITY[sdk=iphoneos*]" = "iPhone Distribution: Lu Yan (Q3QV8XLXPU)";
				COMPRESS_PNG_FILES = NO;
				DEVELOPMENT_TEAM = Q3QV8XLXPU;
				ENABLE_BITCODE = NO;
				FRAMEWORK_SEARCH_PATHS = (
					"$(inherited)",
					"$(PROJECT_DIR)/ios",
				);
				GCC_DYNAMIC_NO_PIC = NO;
				GCC_GENERATE_DEBUGGING_SYMBOLS = YES;
				GCC_PRECOMPILE_PREFIX_HEADER = YES;
				GCC_PREFIX_HEADER = ios/Prefix.pch;
				GCC_PREPROCESSOR_DEFINITIONS = "$(inherited)";
				GCC_SYMBOLS_PRIVATE_EXTERN = YES;
				HEADER_SEARCH_PATHS = "";
				INFOPLIST_FILE = ios/Info.plist;
				IPHONEOS_DEPLOYMENT_TARGET = 6.0;
				LIBRARY_SEARCH_PATHS = (
					"$(PROJECT_DIR)/WeSdk",
					"$(PROJECT_DIR)/../Classes/YvImSdk",
				);
				ONLY_ACTIVE_ARCH = NO;
				OTHER_LDFLAGS = (
					"-ObjC",
					"-IMAMapKit",
					"-IMASearchKit",
				);
				PRODUCT_BUNDLE_IDENTIFIER = com.youyou.poker;
				PROVISIONING_PROFILE = "d6ed46fc-4fa8-4b74-bceb-e6238f6510d3";
				PROVISIONING_PROFILE_SPECIFIER = niuniu_dev;
				SDKROOT = iphoneos;
				STRIP_PNG_TEXT = NO;
				TARGETED_DEVICE_FAMILY = "1,2";
				USER_HEADER_SEARCH_PATHS = "$(inherited) $(SRCROOT)/../../cocos2d-x/external/spidermonkey/include/ios $(SRCROOT)/../../cocos2d-x/plugin/jsbindings/auto $(SRCROOT)/../../cocos2d-x/plugin/jsbindings/manual $(SRCROOT)/../../cocos2d-x/cocos";
				VALID_ARCHS = "armv7 arm64";
			};
			name = Debug;
		};
		A92277021517C097001B78AA /* Release */ = {
			isa = XCBuildConfiguration;
			buildSettings = {
				ALWAYS_SEARCH_USER_PATHS = YES;
				ASSETCATALOG_COMPILER_APPICON_NAME = AppIcon;
				CODE_SIGN_IDENTITY = "iPhone Distribution: Lu Yan (Q3QV8XLXPU)";
				"CODE_SIGN_IDENTITY[sdk=iphoneos*]" = "iPhone Distribution: Lu Yan (Q3QV8XLXPU)";
				COMPRESS_PNG_FILES = NO;
				DEVELOPMENT_TEAM = Q3QV8XLXPU;
				ENABLE_BITCODE = NO;
				FRAMEWORK_SEARCH_PATHS = (
					"$(inherited)",
					"$(PROJECT_DIR)/ios",
				);
				GCC_GENERATE_DEBUGGING_SYMBOLS = NO;
				GCC_PRECOMPILE_PREFIX_HEADER = YES;
				GCC_PREFIX_HEADER = ios/Prefix.pch;
				GCC_PREPROCESSOR_DEFINITIONS = "$(inherited)";
				GCC_SYMBOLS_PRIVATE_EXTERN = YES;
				HEADER_SEARCH_PATHS = "";
				INFOPLIST_FILE = ios/Info.plist;
				IPHONEOS_DEPLOYMENT_TARGET = 6.0;
				LIBRARY_SEARCH_PATHS = (
					"$(PROJECT_DIR)/WeSdk",
					"$(PROJECT_DIR)/../Classes/YvImSdk",
				);
				ONLY_ACTIVE_ARCH = NO;
				OTHER_LDFLAGS = (
					"-ObjC",
					"-IMAMapKit",
					"-IMASearchKit",
				);
				PRODUCT_BUNDLE_IDENTIFIER = com.youyou.poker;
				PROVISIONING_PROFILE = "d6ed46fc-4fa8-4b74-bceb-e6238f6510d3";
				PROVISIONING_PROFILE_SPECIFIER = niuniu_dis;
				SDKROOT = iphoneos;
				STRIP_PNG_TEXT = NO;
				TARGETED_DEVICE_FAMILY = "1,2";
				USER_HEADER_SEARCH_PATHS = "$(inherited) $(SRCROOT)/../../cocos2d-x/external/spidermonkey/include/ios $(SRCROOT)/../../cocos2d-x/plugin/jsbindings/auto $(SRCROOT)/../../cocos2d-x/plugin/jsbindings/manual $(SRCROOT)/../../cocos2d-x/cocos";
				VALID_ARCHS = "armv7 arm64";
			};
			name = Release;
		};
/* End XCBuildConfiguration section */

/* Begin XCConfigurationList section */
		509D4AA717EBB24E00697056 /* Build configuration list for PBXNativeTarget "niuniu-desktop" */ = {
			isa = XCConfigurationList;
			buildConfigurations = (
				509D4AA817EBB24E00697056 /* Debug */,
				509D4AA917EBB24E00697056 /* Release */,
			);
			defaultConfigurationIsVisible = 0;
			defaultConfigurationName = Release;
		};
		A92275371517C094001B78AA /* Build configuration list for PBXProject "majiang" */ = {
			isa = XCConfigurationList;
			buildConfigurations = (
				A92276FE1517C097001B78AA /* Debug */,
				A92276FF1517C097001B78AA /* Release */,
			);
			defaultConfigurationIsVisible = 0;
			defaultConfigurationName = Release;
		};
		A92277001517C097001B78AA /* Build configuration list for PBXNativeTarget "悠悠扑克" */ = {
			isa = XCConfigurationList;
			buildConfigurations = (
				A92277011517C097001B78AA /* Debug */,
				A92277021517C097001B78AA /* Release */,
			);
			defaultConfigurationIsVisible = 0;
			defaultConfigurationName = Release;
		};
/* End XCConfigurationList section */
	};
	rootObject = A92275341517C094001B78AA /* Project object */;
}
